// !$*UTF8*$!
{
	archiveVersion = 1;
	classes = {
	};
	objectVersion = 56;
	objects = {

/* Begin PBXBuildFile section */
		2BFC7CCD293F4E6D00255511 /* main.swift in Sources */ = {isa = PBXBuildFile; fileRef = 2BFC7CCC293F4E6D00255511 /* main.swift */; };
		2BFC7CCF293F4E6D00255511 /* tools.swift in Sources */ = {isa = PBXBuildFile; fileRef = 2BFC7CCE293F4E6D00255511 /* tools.swift */; };
		2BFC7CD1293F4E6D00255511 /* circleList.swift in Sources */ = {isa = PBXBuildFile; fileRef = 2BFC7CD0293F4E6D00255511 /* circleList.swift */; };
		2BFC7CD3293F4E6D00255511 /* linkedList.swift in Sources */ = {isa = PBXBuildFile; fileRef = 2BFC7CD2293F4E6D00255511 /* linkedList.swift */; };
/* End PBXBuildFile section */

/* Begin PBXCopyFilesBuildPhase section */
		2BFC7CC7293F4E6D00255511 /* CopyFiles */ = {
			isa = PBXCopyFilesBuildPhase;
			buildActionMask = 2147483647;
			dstPath = /usr/share/man/man1/;
			dstSubfolderSpec = 0;
			files = (
			);
			runOnlyForDeploymentPostprocessing = 1;
		};
/* End PBXCopyFilesBuildPhase section */

/* Begin PBXFileReference section */
		2BFC7CC9293F4E6D00255511 /* AOC2022_05 */ = {isa = PBXFileReference; explicitFileType = "compiled.mach-o.executable"; includeInIndex = 0; path = AOC2022_05; sourceTree = BUILT_PRODUCTS_DIR; };
		2BFC7CCC293F4E6D00255511 /* main.swift */ = {isa = PBXFileReference; lastKnownFileType = sourcecode.swift; path = main.swift; sourceTree = "<group>"; };
		2BFC7CCE293F4E6D00255511 /* tools.swift */ = {isa = PBXFileReference; lastKnownFileType = sourcecode.swift; path = tools.swift; sourceTree = "<group>"; };
		2BFC7CD0293F4E6D00255511 /* circleList.swift */ = {isa = PBXFileReference; lastKnownFileType = sourcecode.swift; path = circleList.swift; sourceTree = "<group>"; };
		2BFC7CD2293F4E6D00255511 /* linkedList.swift */ = {isa = PBXFileReference; lastKnownFileType = sourcecode.swift; path = linkedList.swift; sourceTree = "<group>"; };
/* End PBXFileReference section */

/* Begin PBXFrameworksBuildPhase section */
		2BFC7CC6293F4E6D00255511 /* Frameworks */ = {
			isa = PBXFrameworksBuildPhase;
			buildActionMask = 2147483647;
			files = (
			);
			runOnlyForDeploymentPostprocessing = 0;
		};
/* End PBXFrameworksBuildPhase section */

/* Begin PBXGroup section */
		2BFC7CC0293F4E6D00255511 = {
			isa = PBXGroup;
			children = (
				2BFC7CCB293F4E6D00255511 /* AOC2022_05 */,
				2BFC7CCA293F4E6D00255511 /* Products */,
			);
			sourceTree = "<group>";
		};
		2BFC7CCA293F4E6D00255511 /* Products */ = {
			isa = PBXGroup;
			children = (
				2BFC7CC9293F4E6D00255511 /* AOC2022_05 */,
			);
			name = Products;
			sourceTree = "<group>";
		};
		2BFC7CCB293F4E6D00255511 /* AOC2022_05 */ = {
			isa = PBXGroup;
			children = (
				2BFC7CCC293F4E6D00255511 /* main.swift */,
				2BFC7CCE293F4E6D00255511 /* tools.swift */,
				2BFC7CD0293F4E6D00255511 /* circleList.swift */,
				2BFC7CD2293F4E6D00255511 /* linkedList.swift */,
			);
			path = AOC2022_05;
			sourceTree = "<group>";
		};
/* End PBXGroup section */

/* Begin PBXNativeTarget section */
		2BFC7CC8293F4E6D00255511 /* AOC2022_05 */ = {
			isa = PBXNativeTarget;
			buildConfigurationList = 2BFC7CD6293F4E6D00255511 /* Build configuration list for PBXNativeTarget "AOC2022_05" */;
			buildPhases = (
				2BFC7CC5293F4E6D00255511 /* Sources */,
				2BFC7CC6293F4E6D00255511 /* Frameworks */,
				2BFC7CC7293F4E6D00255511 /* CopyFiles */,
			);
			buildRules = (
			);
			dependencies = (
			);
			name = AOC2022_05;
			productName = AOC2022_05;
			productReference = 2BFC7CC9293F4E6D00255511 /* AOC2022_05 */;
			productType = "com.apple.product-type.tool";
		};
/* End PBXNativeTarget section */

/* Begin PBXProject section */
		2BFC7CC1293F4E6D00255511 /* Project object */ = {
			isa = PBXProject;
			attributes = {
				BuildIndependentTargetsInParallel = 1;
				LastSwiftUpdateCheck = 1410;
				LastUpgradeCheck = 1410;
				ORGANIZATIONNAME = "Kaštovský Lubomír";
				TargetAttributes = {
					2BFC7CC8293F4E6D00255511 = {
						CreatedOnToolsVersion = 14.1;
					};
				};
			};
			buildConfigurationList = 2BFC7CC4293F4E6D00255511 /* Build configuration list for PBXProject "AOC2022_05" */;
			compatibilityVersion = "Xcode 14.0";
			developmentRegion = en;
			hasScannedForEncodings = 0;
			knownRegions = (
				en,
				Base,
			);
			mainGroup = 2BFC7CC0293F4E6D00255511;
			productRefGroup = 2BFC7CCA293F4E6D00255511 /* Products */;
			projectDirPath = "";
			projectRoot = "";
			targets = (
				2BFC7CC8293F4E6D00255511 /* AOC2022_05 */,
			);
		};
/* End PBXProject section */

/* Begin PBXSourcesBuildPhase section */
		2BFC7CC5293F4E6D00255511 /* Sources */ = {
			isa = PBXSourcesBuildPhase;
			buildActionMask = 2147483647;
			files = (
				2BFC7CD1293F4E6D00255511 /* circleList.swift in Sources */,
				2BFC7CCD293F4E6D00255511 /* main.swift in Sources */,
				2BFC7CD3293F4E6D00255511 /* linkedList.swift in Sources */,
				2BFC7CCF293F4E6D00255511 /* tools.swift in Sources */,
			);
			runOnlyForDeploymentPostprocessing = 0;
		};
/* End PBXSourcesBuildPhase section */

/* Begin XCBuildConfiguration section */
		2BFC7CD4293F4E6D00255511 /* Debug */ = {
			isa = XCBuildConfiguration;
			buildSettings = {
				ALWAYS_SEARCH_USER_PATHS = NO;
				CLANG_ANALYZER_NONNULL = YES;
				CLANG_ANALYZER_NUMBER_OBJECT_CONVERSION = YES_AGGRESSIVE;
				CLANG_CXX_LANGUAGE_STANDARD = "gnu++20";
				CLANG_ENABLE_MODULES = YES;
				CLANG_ENABLE_OBJC_ARC = YES;
				CLANG_ENABLE_OBJC_WEAK = YES;
				CLANG_WARN_BLOCK_CAPTURE_AUTORELEASING = YES;
				CLANG_WARN_BOOL_CONVERSION = YES;
				CLANG_WARN_COMMA = YES;
				CLANG_WARN_CONSTANT_CONVERSION = YES;
				CLANG_WARN_DEPRECATED_OBJC_IMPLEMENTATIONS = YES;
				CLANG_WARN_DIRECT_OBJC_ISA_USAGE = YES_ERROR;
				CLANG_WARN_DOCUMENTATION_COMMENTS = YES;
				CLANG_WARN_EMPTY_BODY = YES;
				CLANG_WARN_ENUM_CONVERSION = YES;
				CLANG_WARN_INFINITE_RECURSION = YES;
				CLANG_WARN_INT_CONVERSION = YES;
				CLANG_WARN_NON_LITERAL_NULL_CONVERSION = YES;
				CLANG_WARN_OBJC_IMPLICIT_RETAIN_SELF = YES;
				CLANG_WARN_OBJC_LITERAL_CONVERSION = YES;
				CLANG_WARN_OBJC_ROOT_CLASS = YES_ERROR;
				CLANG_WARN_QUOTED_INCLUDE_IN_FRAMEWORK_HEADER = YES;
				CLANG_WARN_RANGE_LOOP_ANALYSIS = YES;
				CLANG_WARN_STRICT_PROTOTYPES = YES;
				CLANG_WARN_SUSPICIOUS_MOVE = YES;
				CLANG_WARN_UNGUARDED_AVAILABILITY = YES_AGGRESSIVE;
				CLANG_WARN_UNREACHABLE_CODE = YES;
				CLANG_WARN__DUPLICATE_METHOD_MATCH = YES;
				COPY_PHASE_STRIP = NO;
				DEBUG_INFORMATION_FORMAT = dwarf;
				ENABLE_STRICT_OBJC_MSGSEND = YES;
				ENABLE_TESTABILITY = YES;
				GCC_C_LANGUAGE_STANDARD = gnu11;
				GCC_DYNAMIC_NO_PIC = NO;
				GCC_NO_COMMON_BLOCKS = YES;
				GCC_OPTIMIZATION_LEVEL = 0;
				GCC_PREPROCESSOR_DEFINITIONS = (
					"DEBUG=1",
					"$(inherited)",
				);
				GCC_WARN_64_TO_32_BIT_CONVERSION = YES;
				GCC_WARN_ABOUT_RETURN_TYPE = YES_ERROR;
				GCC_WARN_UNDECLARED_SELECTOR = YES;
				GCC_WARN_UNINITIALIZED_AUTOS = YES_AGGRESSIVE;
				GCC_WARN_UNUSED_FUNCTION = YES;
				GCC_WARN_UNUSED_VARIABLE = YES;
				MACOSX_DEPLOYMENT_TARGET = 12.6;
				MTL_ENABLE_DEBUG_INFO = INCLUDE_SOURCE;
				MTL_FAST_MATH = YES;
				ONLY_ACTIVE_ARCH = YES;
				SDKROOT = macosx;
				SWIFT_ACTIVE_COMPILATION_CONDITIONS = DEBUG;
				SWIFT_OPTIMIZATION_LEVEL = "-Onone";
			};
			name = Debug;
		};
		2BFC7CD5293F4E6D00255511 /* Release */ = {
			isa = XCBuildConfiguration;
			buildSettings = {
				ALWAYS_SEARCH_USER_PATHS = NO;
				CLANG_ANALYZER_NONNULL = YES;
				CLANG_ANALYZER_NUMBER_OBJECT_CONVERSION = YES_AGGRESSIVE;
				CLANG_CXX_LANGUAGE_STANDARD = "gnu++20";
				CLANG_ENABLE_MODULES = YES;
				CLANG_ENABLE_OBJC_ARC = YES;
				CLANG_ENABLE_OBJC_WEAK = YES;
				CLANG_WARN_BLOCK_CAPTURE_AUTORELEASING = YES;
				CLANG_WARN_BOOL_CONVERSION = YES;
				CLANG_WARN_COMMA = YES;
				CLANG_WARN_CONSTANT_CONVERSION = YES;
				CLANG_WARN_DEPRECATED_OBJC_IMPLEMENTATIONS = YES;
				CLANG_WARN_DIRECT_OBJC_ISA_USAGE = YES_ERROR;
				CLANG_WARN_DOCUMENTATION_COMMENTS = YES;
				CLANG_WARN_EMPTY_BODY = YES;
				CLANG_WARN_ENUM_CONVERSION = YES;
				CLANG_WARN_INFINITE_RECURSION = YES;
				CLANG_WARN_INT_CONVERSION = YES;
				CLANG_WARN_NON_LITERAL_NULL_CONVERSION = YES;
				CLANG_WARN_OBJC_IMPLICIT_RETAIN_SELF = YES;
				CLANG_WARN_OBJC_LITERAL_CONVERSION = YES;
				CLANG_WARN_OBJC_ROOT_CLASS = YES_ERROR;
				CLANG_WARN_QUOTED_INCLUDE_IN_FRAMEWORK_HEADER = YES;
				CLANG_WARN_RANGE_LOOP_ANALYSIS = YES;
				CLANG_WARN_STRICT_PROTOTYPES = YES;
				CLANG_WARN_SUSPICIOUS_MOVE = YES;
				CLANG_WARN_UNGUARDED_AVAILABILITY = YES_AGGRESSIVE;
				CLANG_WARN_UNREACHABLE_CODE = YES;
				CLANG_WARN__DUPLICATE_METHOD_MATCH = YES;
				COPY_PHASE_STRIP = NO;
				DEBUG_INFORMATION_FORMAT = "dwarf-with-dsym";
				ENABLE_NS_ASSERTIONS = NO;
				ENABLE_STRICT_OBJC_MSGSEND = YES;
				GCC_C_LANGUAGE_STANDARD = gnu11;
				GCC_NO_COMMON_BLOCKS = YES;
				GCC_WARN_64_TO_32_BIT_CONVERSION = YES;
				GCC_WARN_ABOUT_RETURN_TYPE = YES_ERROR;
				GCC_WARN_UNDECLARED_SELECTOR = YES;
				GCC_WARN_UNINITIALIZED_AUTOS = YES_AGGRESSIVE;
				GCC_WARN_UNUSED_FUNCTION = YES;
				GCC_WARN_UNUSED_VARIABLE = YES;
				MACOSX_DEPLOYMENT_TARGET = 12.6;
				MTL_ENABLE_DEBUG_INFO = NO;
				MTL_FAST_MATH = YES;
				SDKROOT = macosx;
				SWIFT_COMPILATION_MODE = wholemodule;
				SWIFT_OPTIMIZATION_LEVEL = "-O";
			};
			name = Release;
		};
		2BFC7CD7293F4E6D00255511 /* Debug */ = {
			isa = XCBuildConfiguration;
			buildSettings = {
				BUILT_PRODUCTS_DIR = "$(PROJECT_DIR)/build";
				CODE_SIGN_STYLE = Automatic;
				CONFIGURATION_BUILD_DIR = "$(PROJECT_DIR)/build";
				CONFIGURATION_TEMP_DIR = "$(PROJECT_DIR)/build";
				PRODUCT_NAME = "$(TARGET_NAME)";
				SWIFT_VERSION = 5;
			};
			name = Debug;
		};
		2BFC7CD8293F4E6D00255511 /* Release */ = {
			isa = XCBuildConfiguration;
			buildSettings = {
				BUILT_PRODUCTS_DIR = "$(PROJECT_DIR)/build";
				CODE_SIGN_STYLE = Automatic;
				CONFIGURATION_BUILD_DIR = "$(PROJECT_DIR)/build";
				CONFIGURATION_TEMP_DIR = "$(PROJECT_DIR)/build";
				PRODUCT_NAME = "$(TARGET_NAME)";
				SWIFT_VERSION = 5;
			};
			name = Release;
		};
/* End XCBuildConfiguration section */

/* Begin XCConfigurationList section */
		2BFC7CC4293F4E6D00255511 /* Build configuration list for PBXProject "AOC2022_05" */ = {
			isa = XCConfigurationList;
			buildConfigurations = (
				2BFC7CD4293F4E6D00255511 /* Debug */,
				2BFC7CD5293F4E6D00255511 /* Release */,
			);
			defaultConfigurationIsVisible = 0;
			defaultConfigurationName = Release;
		};
		2BFC7CD6293F4E6D00255511 /* Build configuration list for PBXNativeTarget "AOC2022_05" */ = {
			isa = XCConfigurationList;
			buildConfigurations = (
				2BFC7CD7293F4E6D00255511 /* Debug */,
				2BFC7CD8293F4E6D00255511 /* Release */,
			);
			defaultConfigurationIsVisible = 0;
			defaultConfigurationName = Release;
		};
/* End XCConfigurationList section */
	};
	rootObject = 2BFC7CC1293F4E6D00255511 /* Project object */;
}
